# THIS IS AN AUTOGENERATED FILE. DO NOT EDIT THIS FILE DIRECTLY.
# yarn lockfile v1


"integration-common@https://github.com/rpmsoftware/integration-common.git":
  version "3.27.0"
  resolved "https://github.com/rpmsoftware/integration-common.git#d20d0ec192462222c4ea4466d257b305f2207072"
  dependencies:
    moment "^2.18.1"
    object-hash "^1.1.8"
    string "^3.3.3"

moment@^2.18.1:
  version "2.18.1"
  resolved "https://registry.yarnpkg.com/moment/-/moment-2.18.1.tgz#c36193dd3ce1c2eed2adb7c802dbbc77a81b1c0f"

object-hash@^1.1.8:
  version "1.1.8"
  resolved "https://registry.yarnpkg.com/object-hash/-/object-hash-1.1.8.tgz#28a659cf987d96a4dabe7860289f3b5326c4a03c"

string@^3.3.3:
  version "3.3.3"
  resolved "https://registry.yarnpkg.com/string/-/string-3.3.3.tgz#5ea211cd92d228e184294990a6cc97b366a77cb0"
